
Microsoft Visual Studio Solution File, Format Version 12.00
# Visual Studio 15
VisualStudioVersion = 15.0.27703.2035
MinimumVisualStudioVersion = 10.0.40219.1
Project("{FAE04EC0-301F-11D3-BF4B-00C04F79EFBC}") = "Redux.Tests", "Redux.Tests\Redux.Tests.csproj", "{41C1EEBA-4CD2-4158-B5C0-D091233DB419}"
EndProject
Project("{FAE04EC0-301F-11D3-BF4B-00C04F79EFBC}") = "Redux.DevTools.WPF", "Redux.DevTools.WPF\Redux.DevTools.WPF.csproj", "{37955967-CC13-4E89-8A84-8270E34C56CE}"
EndProject
Project("{9A19103F-16F7-4668-BE54-9A1E7A4F7556}") = "Redux", "Redux\Redux.csproj", "{0494A711-0AB5-4832-B524-DB058944F1D0}"
EndProject
Project("{9A19103F-16F7-4668-BE54-9A1E7A4F7556}") = "Redux.DevTools", "Redux.DevTools\Redux.DevTools.csproj", "{3B5E9746-7197-4849-91ED-1D8E119B2C93}"
EndProject
Project("{FAE04EC0-301F-11D3-BF4B-00C04F79EFBC}") = "Redux.DevTools.Universal", "Redux.DevTools.Universal\Redux.DevTools.Universal.csproj", "{D5DD4156-6F32-4E39-A6D2-138A1312FF59}"
EndProject
Global
	GlobalSection(SolutionConfigurationPlatforms) = preSolution
		Debug|Any CPU = Debug|Any CPU
		Debug|ARM = Debug|ARM
		Debug|x64 = Debug|x64
		Debug|x86 = Debug|x86
		Release|Any CPU = Release|Any CPU
		Release|ARM = Release|ARM
		Release|x64 = Release|x64
		Release|x86 = Release|x86
	EndGlobalSection
	GlobalSection(ProjectConfigurationPlatforms) = postSolution
		{41C1EEBA-4CD2-4158-B5C0-D091233DB419}.Debug|Any CPU.ActiveCfg = Debug|Any CPU
		{41C1EEBA-4CD2-4158-B5C0-D091233DB419}.Debug|Any CPU.Build.0 = Debug|Any CPU
		{41C1EEBA-4CD2-4158-B5C0-D091233DB419}.Debug|ARM.ActiveCfg = Debug|Any CPU
		{41C1EEBA-4CD2-4158-B5C0-D091233DB419}.Debug|ARM.Build.0 = Debug|Any CPU
		{41C1EEBA-4CD2-4158-B5C0-D091233DB419}.Debug|x64.ActiveCfg = Debug|Any CPU
		{41C1EEBA-4CD2-4158-B5C0-D091233DB419}.Debug|x64.Build.0 = Debug|Any CPU
		{41C1EEBA-4CD2-4158-B5C0-D091233DB419}.Debug|x86.ActiveCfg = Debug|Any CPU
		{41C1EEBA-4CD2-4158-B5C0-D091233DB419}.Debug|x86.Build.0 = Debug|Any CPU
		{41C1EEBA-4CD2-4158-B5C0-D091233DB419}.Release|Any CPU.ActiveCfg = Release|Any CPU
		{41C1EEBA-4CD2-4158-B5C0-D091233DB419}.Release|Any CPU.Build.0 = Release|Any CPU
		{41C1EEBA-4CD2-4158-B5C0-D091233DB419}.Release|ARM.ActiveCfg = Release|Any CPU
		{41C1EEBA-4CD2-4158-B5C0-D091233DB419}.Release|ARM.Build.0 = Release|Any CPU
		{41C1EEBA-4CD2-4158-B5C0-D091233DB419}.Release|x64.ActiveCfg = Release|Any CPU
		{41C1EEBA-4CD2-4158-B5C0-D091233DB419}.Release|x64.Build.0 = Release|Any CPU
		{41C1EEBA-4CD2-4158-B5C0-D091233DB419}.Release|x86.ActiveCfg = Release|Any CPU
		{41C1EEBA-4CD2-4158-B5C0-D091233DB419}.Release|x86.Build.0 = Release|Any CPU
		{37955967-CC13-4E89-8A84-8270E34C56CE}.Debug|Any CPU.ActiveCfg = Debug|Any CPU
		{37955967-CC13-4E89-8A84-8270E34C56CE}.Debug|Any CPU.Build.0 = Debug|Any CPU
		{37955967-CC13-4E89-8A84-8270E34C56CE}.Debug|ARM.ActiveCfg = Debug|Any CPU
		{37955967-CC13-4E89-8A84-8270E34C56CE}.Debug|ARM.Build.0 = Debug|Any CPU
		{37955967-CC13-4E89-8A84-8270E34C56CE}.Debug|x64.ActiveCfg = Debug|Any CPU
		{37955967-CC13-4E89-8A84-8270E34C56CE}.Debug|x64.Build.0 = Debug|Any CPU
		{37955967-CC13-4E89-8A84-8270E34C56CE}.Debug|x86.ActiveCfg = Debug|Any CPU
		{37955967-CC13-4E89-8A84-8270E34C56CE}.Debug|x86.Build.0 = Debug|Any CPU
		{37955967-CC13-4E89-8A84-8270E34C56CE}.Release|Any CPU.ActiveCfg = Release|Any CPU
		{37955967-CC13-4E89-8A84-8270E34C56CE}.Release|Any CPU.Build.0 = Release|Any CPU
		{37955967-CC13-4E89-8A84-8270E34C56CE}.Release|ARM.ActiveCfg = Release|Any CPU
		{37955967-CC13-4E89-8A84-8270E34C56CE}.Release|ARM.Build.0 = Release|Any CPU
		{37955967-CC13-4E89-8A84-8270E34C56CE}.Release|x64.ActiveCfg = Release|Any CPU
		{37955967-CC13-4E89-8A84-8270E34C56CE}.Release|x64.Build.0 = Release|Any CPU
		{37955967-CC13-4E89-8A84-8270E34C56CE}.Release|x86.ActiveCfg = Release|Any CPU
		{37955967-CC13-4E89-8A84-8270E34C56CE}.Release|x86.Build.0 = Release|Any CPU
		{0494A711-0AB5-4832-B524-DB058944F1D0}.Debug|Any CPU.ActiveCfg = Debug|Any CPU
		{0494A711-0AB5-4832-B524-DB058944F1D0}.Debug|Any CPU.Build.0 = Debug|Any CPU
		{0494A711-0AB5-4832-B524-DB058944F1D0}.Debug|ARM.ActiveCfg = Debug|Any CPU
		{0494A711-0AB5-4832-B524-DB058944F1D0}.Debug|ARM.Build.0 = Debug|Any CPU
		{0494A711-0AB5-4832-B524-DB058944F1D0}.Debug|x64.ActiveCfg = Debug|Any CPU
		{0494A711-0AB5-4832-B524-DB058944F1D0}.Debug|x64.Build.0 = Debug|Any CPU
		{0494A711-0AB5-4832-B524-DB058944F1D0}.Debug|x86.ActiveCfg = Debug|Any CPU
		{0494A711-0AB5-4832-B524-DB058944F1D0}.Debug|x86.Build.0 = Debug|Any CPU
		{0494A711-0AB5-4832-B524-DB058944F1D0}.Release|Any CPU.ActiveCfg = Release|Any CPU
		{0494A711-0AB5-4832-B524-DB058944F1D0}.Release|Any CPU.Build.0 = Release|Any CPU
		{0494A711-0AB5-4832-B524-DB058944F1D0}.Release|ARM.ActiveCfg = Release|Any CPU
		{0494A711-0AB5-4832-B524-DB058944F1D0}.Release|ARM.Build.0 = Release|Any CPU
		{0494A711-0AB5-4832-B524-DB058944F1D0}.Release|x64.ActiveCfg = Release|Any CPU
		{0494A711-0AB5-4832-B524-DB058944F1D0}.Release|x64.Build.0 = Release|Any CPU
		{0494A711-0AB5-4832-B524-DB058944F1D0}.Release|x86.ActiveCfg = Release|Any CPU
		{0494A711-0AB5-4832-B524-DB058944F1D0}.Release|x86.Build.0 = Release|Any CPU
		{3B5E9746-7197-4849-91ED-1D8E119B2C93}.Debug|Any CPU.ActiveCfg = Debug|Any CPU
		{3B5E9746-7197-4849-91ED-1D8E119B2C93}.Debug|Any CPU.Build.0 = Debug|Any CPU
		{3B5E9746-7197-4849-91ED-1D8E119B2C93}.Debug|ARM.ActiveCfg = Debug|Any CPU
		{3B5E9746-7197-4849-91ED-1D8E119B2C93}.Debug|ARM.Build.0 = Debug|Any CPU
		{3B5E9746-7197-4849-91ED-1D8E119B2C93}.Debug|x64.ActiveCfg = Debug|Any CPU
		{3B5E9746-7197-4849-91ED-1D8E119B2C93}.Debug|x64.Build.0 = Debug|Any CPU
		{3B5E9746-7197-4849-91ED-1D8E119B2C93}.Debug|x86.ActiveCfg = Debug|Any CPU
		{3B5E9746-7197-4849-91ED-1D8E119B2C93}.Debug|x86.Build.0 = Debug|Any CPU
		{3B5E9746-7197-4849-91ED-1D8E119B2C93}.Release|Any CPU.ActiveCfg = Release|Any CPU
		{3B5E9746-7197-4849-91ED-1D8E119B2C93}.Release|Any CPU.Build.0 = Release|Any CPU
		{3B5E9746-7197-4849-91ED-1D8E119B2C93}.Release|ARM.ActiveCfg = Release|Any CPU
		{3B5E9746-7197-4849-91ED-1D8E119B2C93}.Release|ARM.Build.0 = Release|Any CPU
		{3B5E9746-7197-4849-91ED-1D8E119B2C93}.Release|x64.ActiveCfg = Release|Any CPU
		{3B5E9746-7197-4849-91ED-1D8E119B2C93}.Release|x64.Build.0 = Release|Any CPU
		{3B5E9746-7197-4849-91ED-1D8E119B2C93}.Release|x86.ActiveCfg = Release|Any CPU
		{3B5E9746-7197-4849-91ED-1D8E119B2C93}.Release|x86.Build.0 = Release|Any CPU
		{D5DD4156-6F32-4E39-A6D2-138A1312FF59}.Debug|Any CPU.ActiveCfg = Debug|Any CPU
		{D5DD4156-6F32-4E39-A6D2-138A1312FF59}.Debug|Any CPU.Build.0 = Debug|Any CPU
		{D5DD4156-6F32-4E39-A6D2-138A1312FF59}.Debug|ARM.ActiveCfg = Debug|ARM
		{D5DD4156-6F32-4E39-A6D2-138A1312FF59}.Debug|ARM.Build.0 = Debug|ARM
		{D5DD4156-6F32-4E39-A6D2-138A1312FF59}.Debug|x64.ActiveCfg = Debug|x64
		{D5DD4156-6F32-4E39-A6D2-138A1312FF59}.Debug|x64.Build.0 = Debug|x64
		{D5DD4156-6F32-4E39-A6D2-138A1312FF59}.Debug|x86.ActiveCfg = Debug|x86
		{D5DD4156-6F32-4E39-A6D2-138A1312FF59}.Debug|x86.Build.0 = Debug|x86
		{D5DD4156-6F32-4E39-A6D2-138A1312FF59}.Release|Any CPU.ActiveCfg = Release|Any CPU
		{D5DD4156-6F32-4E39-A6D2-138A1312FF59}.Release|Any CPU.Build.0 = Release|Any CPU
		{D5DD4156-6F32-4E39-A6D2-138A1312FF59}.Release|ARM.ActiveCfg = Release|ARM
		{D5DD4156-6F32-4E39-A6D2-138A1312FF59}.Release|ARM.Build.0 = Release|ARM
		{D5DD4156-6F32-4E39-A6D2-138A1312FF59}.Release|x64.ActiveCfg = Release|x64
		{D5DD4156-6F32-4E39-A6D2-138A1312FF59}.Release|x64.Build.0 = Release|x64
		{D5DD4156-6F32-4E39-A6D2-138A1312FF59}.Release|x86.ActiveCfg = Release|x86
		{D5DD4156-6F32-4E39-A6D2-138A1312FF59}.Release|x86.Build.0 = Release|x86
	EndGlobalSection
	GlobalSection(SolutionProperties) = preSolution
		HideSolutionNode = FALSE
	EndGlobalSection
	GlobalSection(ExtensibilityGlobals) = postSolution
		SolutionGuid = {DEDB6136-89DE-45C5-8B15-70D8B8F43AF4}
	EndGlobalSection
EndGlobal
